// !$*UTF8*$!
{
	archiveVersion = 1;
	classes = {
	};
	objectVersion = 56;
	objects = {

/* Begin PBXBuildFile section */
		0490E78C2B8809F00088A3EA /* CitySearchViewController.swift in Sources */ = {isa = PBXBuildFile; fileRef = 0490E78B2B8809F00088A3EA /* CitySearchViewController.swift */; };
		0490E78E2B882B610088A3EA /* ResultModel.swift in Sources */ = {isa = PBXBuildFile; fileRef = 0490E78D2B882B610088A3EA /* ResultModel.swift */; };
		0490E7902B8837790088A3EA /* NetworkService.swift in Sources */ = {isa = PBXBuildFile; fileRef = 0490E78F2B8837790088A3EA /* NetworkService.swift */; };
		04B9E8772B86892700223404 /* AppDelegate.swift in Sources */ = {isa = PBXBuildFile; fileRef = 04B9E8762B86892700223404 /* AppDelegate.swift */; };
		04B9E8792B86892700223404 /* SceneDelegate.swift in Sources */ = {isa = PBXBuildFile; fileRef = 04B9E8782B86892700223404 /* SceneDelegate.swift */; };
		04B9E87B2B86892700223404 /* ViewController.swift in Sources */ = {isa = PBXBuildFile; fileRef = 04B9E87A2B86892700223404 /* ViewController.swift */; };
		04B9E8802B86892800223404 /* Assets.xcassets in Resources */ = {isa = PBXBuildFile; fileRef = 04B9E87F2B86892800223404 /* Assets.xcassets */; };
		04B9E8832B86892800223404 /* LaunchScreen.storyboard in Resources */ = {isa = PBXBuildFile; fileRef = 04B9E8812B86892800223404 /* LaunchScreen.storyboard */; };
		04B9E88B2B86895D00223404 /* City.swift in Sources */ = {isa = PBXBuildFile; fileRef = 04B9E88A2B86895D00223404 /* City.swift */; };
		04B9E8902B86CBB900223404 /* CityTableViewCell.swift in Sources */ = {isa = PBXBuildFile; fileRef = 04B9E88E2B86CBB900223404 /* CityTableViewCell.swift */; };
		04B9E8912B86CBB900223404 /* CityTableViewCell.xib in Resources */ = {isa = PBXBuildFile; fileRef = 04B9E88F2B86CBB900223404 /* CityTableViewCell.xib */; };
		04B9E8952B86DF9100223404 /* Main.storyboard in Resources */ = {isa = PBXBuildFile; fileRef = 04B9E8942B86DF9100223404 /* Main.storyboard */; };
/* End PBXBuildFile section */

/* Begin PBXFileReference section */
		0490E78B2B8809F00088A3EA /* CitySearchViewController.swift */ = {isa = PBXFileReference; lastKnownFileType = sourcecode.swift; path = CitySearchViewController.swift; sourceTree = "<group>"; };
		0490E78D2B882B610088A3EA /* ResultModel.swift */ = {isa = PBXFileReference; lastKnownFileType = sourcecode.swift; path = ResultModel.swift; sourceTree = "<group>"; };
		0490E78F2B8837790088A3EA /* NetworkService.swift */ = {isa = PBXFileReference; fileEncoding = 4; lastKnownFileType = sourcecode.swift; path = NetworkService.swift; sourceTree = "<group>"; };
		04B9E8732B86892700223404 /* TMSLesson24.app */ = {isa = PBXFileReference; explicitFileType = wrapper.application; includeInIndex = 0; path = TMSLesson24.app; sourceTree = BUILT_PRODUCTS_DIR; };
		04B9E8762B86892700223404 /* AppDelegate.swift */ = {isa = PBXFileReference; lastKnownFileType = sourcecode.swift; path = AppDelegate.swift; sourceTree = "<group>"; };
		04B9E8782B86892700223404 /* SceneDelegate.swift */ = {isa = PBXFileReference; lastKnownFileType = sourcecode.swift; path = SceneDelegate.swift; sourceTree = "<group>"; };
		04B9E87A2B86892700223404 /* ViewController.swift */ = {isa = PBXFileReference; indentWidth = 4; lastKnownFileType = sourcecode.swift; path = ViewController.swift; sourceTree = "<group>"; wrapsLines = 1; };
		04B9E87F2B86892800223404 /* Assets.xcassets */ = {isa = PBXFileReference; lastKnownFileType = folder.assetcatalog; path = Assets.xcassets; sourceTree = "<group>"; };
		04B9E8822B86892800223404 /* Base */ = {isa = PBXFileReference; lastKnownFileType = file.storyboard; name = Base; path = Base.lproj/LaunchScreen.storyboard; sourceTree = "<group>"; };
		04B9E8842B86892800223404 /* Info.plist */ = {isa = PBXFileReference; lastKnownFileType = text.plist.xml; path = Info.plist; sourceTree = "<group>"; };
		04B9E88A2B86895D00223404 /* City.swift */ = {isa = PBXFileReference; lastKnownFileType = sourcecode.swift; path = City.swift; sourceTree = "<group>"; };
		04B9E88E2B86CBB900223404 /* CityTableViewCell.swift */ = {isa = PBXFileReference; lastKnownFileType = sourcecode.swift; path = CityTableViewCell.swift; sourceTree = "<group>"; };
		04B9E88F2B86CBB900223404 /* CityTableViewCell.xib */ = {isa = PBXFileReference; lastKnownFileType = file.xib; path = CityTableViewCell.xib; sourceTree = "<group>"; };
		04B9E8942B86DF9100223404 /* Main.storyboard */ = {isa = PBXFileReference; fileEncoding = 4; lastKnownFileType = file.storyboard; path = Main.storyboard; sourceTree = "<group>"; };
/* End PBXFileReference section */

/* Begin PBXFrameworksBuildPhase section */
		04B9E8702B86892700223404 /* Frameworks */ = {
			isa = PBXFrameworksBuildPhase;
			buildActionMask = 2147483647;
			files = (
			);
			runOnlyForDeploymentPostprocessing = 0;
		};
/* End PBXFrameworksBuildPhase section */

/* Begin PBXGroup section */
		04B9E86A2B86892700223404 = {
			isa = PBXGroup;
			children = (
				04B9E8752B86892700223404 /* TMSLesson24 */,
				04B9E8742B86892700223404 /* Products */,
			);
			sourceTree = "<group>";
		};
		04B9E8742B86892700223404 /* Products */ = {
			isa = PBXGroup;
			children = (
				04B9E8732B86892700223404 /* TMSLesson24.app */,
			);
			name = Products;
			sourceTree = "<group>";
		};
		04B9E8752B86892700223404 /* TMSLesson24 */ = {
			isa = PBXGroup;
			children = (
				04B9E8762B86892700223404 /* AppDelegate.swift */,
				04B9E8782B86892700223404 /* SceneDelegate.swift */,
				0490E78B2B8809F00088A3EA /* CitySearchViewController.swift */,
				04B9E88E2B86CBB900223404 /* CityTableViewCell.swift */,
				04B9E88F2B86CBB900223404 /* CityTableViewCell.xib */,
				04B9E87A2B86892700223404 /* ViewController.swift */,
				0490E78D2B882B610088A3EA /* ResultModel.swift */,
				04B9E88A2B86895D00223404 /* City.swift */,
				0490E78F2B8837790088A3EA /* NetworkService.swift */,
				04B9E8942B86DF9100223404 /* Main.storyboard */,
				04B9E87F2B86892800223404 /* Assets.xcassets */,
				04B9E8812B86892800223404 /* LaunchScreen.storyboard */,
				04B9E8842B86892800223404 /* Info.plist */,
			);
			path = TMSLesson24;
			sourceTree = "<group>";
		};
/* End PBXGroup section */

/* Begin PBXNativeTarget section */
		04B9E8722B86892700223404 /* TMSLesson24 */ = {
			isa = PBXNativeTarget;
			buildConfigurationList = 04B9E8872B86892800223404 /* Build configuration list for PBXNativeTarget "TMSLesson24" */;
			buildPhases = (
				04B9E86F2B86892700223404 /* Sources */,
				04B9E8702B86892700223404 /* Frameworks */,
				04B9E8712B86892700223404 /* Resources */,
			);
			buildRules = (
			);
			dependencies = (
			);
			name = TMSLesson24;
			productName = TMSLesson24;
			productReference = 04B9E8732B86892700223404 /* TMSLesson24.app */;
			productType = "com.apple.product-type.application";
		};
/* End PBXNativeTarget section */

/* Begin PBXProject section */
		04B9E86B2B86892700223404 /* Project object */ = {
			isa = PBXProject;
			attributes = {
				BuildIndependentTargetsInParallel = 1;
				LastSwiftUpdateCheck = 1500;
				LastUpgradeCheck = 1500;
				TargetAttributes = {
					04B9E8722B86892700223404 = {
						CreatedOnToolsVersion = 15.0.1;
					};
				};
			};
			buildConfigurationList = 04B9E86E2B86892700223404 /* Build configuration list for PBXProject "TMSLesson24" */;
			compatibilityVersion = "Xcode 14.0";
			developmentRegion = en;
			hasScannedForEncodings = 0;
			knownRegions = (
				en,
				Base,
			);
			mainGroup = 04B9E86A2B86892700223404;
			productRefGroup = 04B9E8742B86892700223404 /* Products */;
			projectDirPath = "";
			projectRoot = "";
			targets = (
				04B9E8722B86892700223404 /* TMSLesson24 */,
			);
		};
/* End PBXProject section */

/* Begin PBXResourcesBuildPhase section */
		04B9E8712B86892700223404 /* Resources */ = {
			isa = PBXResourcesBuildPhase;
			buildActionMask = 2147483647;
			files = (
				04B9E8832B86892800223404 /* LaunchScreen.storyboard in Resources */,
				04B9E8802B86892800223404 /* Assets.xcassets in Resources */,
				04B9E8912B86CBB900223404 /* CityTableViewCell.xib in Resources */,
				04B9E8952B86DF9100223404 /* Main.storyboard in Resources */,
			);
			runOnlyForDeploymentPostprocessing = 0;
		};
/* End PBXResourcesBuildPhase section */

/* Begin PBXSourcesBuildPhase section */
		04B9E86F2B86892700223404 /* Sources */ = {
			isa = PBXSourcesBuildPhase;
			buildActionMask = 2147483647;
			files = (
				04B9E87B2B86892700223404 /* ViewController.swift in Sources */,
				04B9E8772B86892700223404 /* AppDelegate.swift in Sources */,
				0490E7902B8837790088A3EA /* NetworkService.swift in Sources */,
				04B9E8902B86CBB900223404 /* CityTableViewCell.swift in Sources */,
				04B9E88B2B86895D00223404 /* City.swift in Sources */,
				04B9E8792B86892700223404 /* SceneDelegate.swift in Sources */,
				0490E78E2B882B610088A3EA /* ResultModel.swift in Sources */,
				0490E78C2B8809F00088A3EA /* CitySearchViewController.swift in Sources */,
			);
			runOnlyForDeploymentPostprocessing = 0;
		};
/* End PBXSourcesBuildPhase section */

/* Begin PBXVariantGroup section */
		04B9E8812B86892800223404 /* LaunchScreen.storyboard */ = {
			isa = PBXVariantGroup;
			children = (
				04B9E8822B86892800223404 /* Base */,
			);
			name = LaunchScreen.storyboard;
			sourceTree = "<group>";
		};
/* End PBXVariantGroup section */

/* Begin XCBuildConfiguration section */
		04B9E8852B86892800223404 /* Debug */ = {
			isa = XCBuildConfiguration;
			buildSettings = {
				ALWAYS_SEARCH_USER_PATHS = NO;
				ASSETCATALOG_COMPILER_GENERATE_SWIFT_ASSET_SYMBOL_EXTENSIONS = YES;
				CLANG_ANALYZER_NONNULL = YES;
				CLANG_ANALYZER_NUMBER_OBJECT_CONVERSION = YES_AGGRESSIVE;
				CLANG_CXX_LANGUAGE_STANDARD = "gnu++20";
				CLANG_ENABLE_MODULES = YES;
				CLANG_ENABLE_OBJC_ARC = YES;
				CLANG_ENABLE_OBJC_WEAK = YES;
				CLANG_WARN_BLOCK_CAPTURE_AUTORELEASING = YES;
				CLANG_WARN_BOOL_CONVERSION = YES;
				CLANG_WARN_COMMA = YES;
				CLANG_WARN_CONSTANT_CONVERSION = YES;
				CLANG_WARN_DEPRECATED_OBJC_IMPLEMENTATIONS = YES;
				CLANG_WARN_DIRECT_OBJC_ISA_USAGE = YES_ERROR;
				CLANG_WARN_DOCUMENTATION_COMMENTS = YES;
				CLANG_WARN_EMPTY_BODY = YES;
				CLANG_WARN_ENUM_CONVERSION = YES;
				CLANG_WARN_INFINITE_RECURSION = YES;
				CLANG_WARN_INT_CONVERSION = YES;
				CLANG_WARN_NON_LITERAL_NULL_CONVERSION = YES;
				CLANG_WARN_OBJC_IMPLICIT_RETAIN_SELF = YES;
				CLANG_WARN_OBJC_LITERAL_CONVERSION = YES;
				CLANG_WARN_OBJC_ROOT_CLASS = YES_ERROR;
				CLANG_WARN_QUOTED_INCLUDE_IN_FRAMEWORK_HEADER = YES;
				CLANG_WARN_RANGE_LOOP_ANALYSIS = YES;
				CLANG_WARN_STRICT_PROTOTYPES = YES;
				CLANG_WARN_SUSPICIOUS_MOVE = YES;
				CLANG_WARN_UNGUARDED_AVAILABILITY = YES_AGGRESSIVE;
				CLANG_WARN_UNREACHABLE_CODE = YES;
				CLANG_WARN__DUPLICATE_METHOD_MATCH = YES;
				COPY_PHASE_STRIP = NO;
				DEBUG_INFORMATION_FORMAT = dwarf;
				ENABLE_STRICT_OBJC_MSGSEND = YES;
				ENABLE_TESTABILITY = YES;
				ENABLE_USER_SCRIPT_SANDBOXING = YES;
				GCC_C_LANGUAGE_STANDARD = gnu17;
				GCC_DYNAMIC_NO_PIC = NO;
				GCC_NO_COMMON_BLOCKS = YES;
				GCC_OPTIMIZATION_LEVEL = 0;
				GCC_PREPROCESSOR_DEFINITIONS = (
					"DEBUG=1",
					"$(inherited)",
				);
				GCC_WARN_64_TO_32_BIT_CONVERSION = YES;
				GCC_WARN_ABOUT_RETURN_TYPE = YES_ERROR;
				GCC_WARN_UNDECLARED_SELECTOR = YES;
				GCC_WARN_UNINITIALIZED_AUTOS = YES_AGGRESSIVE;
				GCC_WARN_UNUSED_FUNCTION = YES;
				GCC_WARN_UNUSED_VARIABLE = YES;
				IPHONEOS_DEPLOYMENT_TARGET = 17.0;
				LOCALIZATION_PREFERS_STRING_CATALOGS = YES;
				MTL_ENABLE_DEBUG_INFO = INCLUDE_SOURCE;
				MTL_FAST_MATH = YES;
				ONLY_ACTIVE_ARCH = YES;
				SDKROOT = iphoneos;
				SWIFT_ACTIVE_COMPILATION_CONDITIONS = "DEBUG $(inherited)";
				SWIFT_OPTIMIZATION_LEVEL = "-Onone";
			};
			name = Debug;
		};
		04B9E8862B86892800223404 /* Release */ = {
			isa = XCBuildConfiguration;
			buildSettings = {
				ALWAYS_SEARCH_USER_PATHS = NO;
				ASSETCATALOG_COMPILER_GENERATE_SWIFT_ASSET_SYMBOL_EXTENSIONS = YES;
				CLANG_ANALYZER_NONNULL = YES;
				CLANG_ANALYZER_NUMBER_OBJECT_CONVERSION = YES_AGGRESSIVE;
				CLANG_CXX_LANGUAGE_STANDARD = "gnu++20";
				CLANG_ENABLE_MODULES = YES;
				CLANG_ENABLE_OBJC_ARC = YES;
				CLANG_ENABLE_OBJC_WEAK = YES;
				CLANG_WARN_BLOCK_CAPTURE_AUTORELEASING = YES;
				CLANG_WARN_BOOL_CONVERSION = YES;
				CLANG_WARN_COMMA = YES;
				CLANG_WARN_CONSTANT_CONVERSION = YES;
				CLANG_WARN_DEPRECATED_OBJC_IMPLEMENTATIONS = YES;
				CLANG_WARN_DIRECT_OBJC_ISA_USAGE = YES_ERROR;
				CLANG_WARN_DOCUMENTATION_COMMENTS = YES;
				CLANG_WARN_EMPTY_BODY = YES;
				CLANG_WARN_ENUM_CONVERSION = YES;
				CLANG_WARN_INFINITE_RECURSION = YES;
				CLANG_WARN_INT_CONVERSION = YES;
				CLANG_WARN_NON_LITERAL_NULL_CONVERSION = YES;
				CLANG_WARN_OBJC_IMPLICIT_RETAIN_SELF = YES;
				CLANG_WARN_OBJC_LITERAL_CONVERSION = YES;
				CLANG_WARN_OBJC_ROOT_CLASS = YES_ERROR;
				CLANG_WARN_QUOTED_INCLUDE_IN_FRAMEWORK_HEADER = YES;
				CLANG_WARN_RANGE_LOOP_ANALYSIS = YES;
				CLANG_WARN_STRICT_PROTOTYPES = YES;
				CLANG_WARN_SUSPICIOUS_MOVE = YES;
				CLANG_WARN_UNGUARDED_AVAILABILITY = YES_AGGRESSIVE;
				CLANG_WARN_UNREACHABLE_CODE = YES;
				CLANG_WARN__DUPLICATE_METHOD_MATCH = YES;
				COPY_PHASE_STRIP = NO;
				DEBUG_INFORMATION_FORMAT = "dwarf-with-dsym";
				ENABLE_NS_ASSERTIONS = NO;
				ENABLE_STRICT_OBJC_MSGSEND = YES;
				ENABLE_USER_SCRIPT_SANDBOXING = YES;
				GCC_C_LANGUAGE_STANDARD = gnu17;
				GCC_NO_COMMON_BLOCKS = YES;
				GCC_WARN_64_TO_32_BIT_CONVERSION = YES;
				GCC_WARN_ABOUT_RETURN_TYPE = YES_ERROR;
				GCC_WARN_UNDECLARED_SELECTOR = YES;
				GCC_WARN_UNINITIALIZED_AUTOS = YES_AGGRESSIVE;
				GCC_WARN_UNUSED_FUNCTION = YES;
				GCC_WARN_UNUSED_VARIABLE = YES;
				IPHONEOS_DEPLOYMENT_TARGET = 17.0;
				LOCALIZATION_PREFERS_STRING_CATALOGS = YES;
				MTL_ENABLE_DEBUG_INFO = NO;
				MTL_FAST_MATH = YES;
				SDKROOT = iphoneos;
				SWIFT_COMPILATION_MODE = wholemodule;
				VALIDATE_PRODUCT = YES;
			};
			name = Release;
		};
		04B9E8882B86892800223404 /* Debug */ = {
			isa = XCBuildConfiguration;
			buildSettings = {
				ASSETCATALOG_COMPILER_APPICON_NAME = AppIcon;
				ASSETCATALOG_COMPILER_GLOBAL_ACCENT_COLOR_NAME = AccentColor;
				CODE_SIGN_STYLE = Automatic;
				CURRENT_PROJECT_VERSION = 1;
				DEVELOPMENT_TEAM = SW28RGZ4W7;
				GENERATE_INFOPLIST_FILE = YES;
				INFOPLIST_FILE = TMSLesson24/Info.plist;
				INFOPLIST_KEY_UIApplicationSupportsIndirectInputEvents = YES;
				INFOPLIST_KEY_UILaunchStoryboardName = LaunchScreen;
				INFOPLIST_KEY_UIMainStoryboardFile = Main;
				INFOPLIST_KEY_UISupportedInterfaceOrientations_iPad = "UIInterfaceOrientationPortrait UIInterfaceOrientationPortraitUpsideDown UIInterfaceOrientationLandscapeLeft UIInterfaceOrientationLandscapeRight";
				INFOPLIST_KEY_UISupportedInterfaceOrientations_iPhone = "UIInterfaceOrientationPortrait UIInterfaceOrientationLandscapeLeft UIInterfaceOrientationLandscapeRight";
				LD_RUNPATH_SEARCH_PATHS = (
					"$(inherited)",
					"@executable_path/Frameworks",
				);
				MARKETING_VERSION = 1.0;
				PRODUCT_BUNDLE_IDENTIFIER = tmslesson1.com.TMSLesson24;
				PRODUCT_NAME = "$(TARGET_NAME)";
				SWIFT_EMIT_LOC_STRINGS = YES;
				SWIFT_VERSION = 5.0;
				TARGETED_DEVICE_FAMILY = "1,2";
			};
			name = Debug;
		};
		04B9E8892B86892800223404 /* Release */ = {
			isa = XCBuildConfiguration;
			buildSettings = {
				ASSETCATALOG_COMPILER_APPICON_NAME = AppIcon;
				ASSETCATALOG_COMPILER_GLOBAL_ACCENT_COLOR_NAME = AccentColor;
				CODE_SIGN_STYLE = Automatic;
				CURRENT_PROJECT_VERSION = 1;
				DEVELOPMENT_TEAM = SW28RGZ4W7;
				GENERATE_INFOPLIST_FILE = YES;
				INFOPLIST_FILE = TMSLesson24/Info.plist;
				INFOPLIST_KEY_UIApplicationSupportsIndirectInputEvents = YES;
				INFOPLIST_KEY_UILaunchStoryboardName = LaunchScreen;
				INFOPLIST_KEY_UIMainStoryboardFile = Main;
				INFOPLIST_KEY_UISupportedInterfaceOrientations_iPad = "UIInterfaceOrientationPortrait UIInterfaceOrientationPortraitUpsideDown UIInterfaceOrientationLandscapeLeft UIInterfaceOrientationLandscapeRight";
				INFOPLIST_KEY_UISupportedInterfaceOrientations_iPhone = "UIInterfaceOrientationPortrait UIInterfaceOrientationLandscapeLeft UIInterfaceOrientationLandscapeRight";
				LD_RUNPATH_SEARCH_PATHS = (
					"$(inherited)",
					"@executable_path/Frameworks",
				);
				MARKETING_VERSION = 1.0;
				PRODUCT_BUNDLE_IDENTIFIER = tmslesson1.com.TMSLesson24;
				PRODUCT_NAME = "$(TARGET_NAME)";
				SWIFT_EMIT_LOC_STRINGS = YES;
				SWIFT_VERSION = 5.0;
				TARGETED_DEVICE_FAMILY = "1,2";
			};
			name = Release;
		};
/* End XCBuildConfiguration section */

/* Begin XCConfigurationList section */
		04B9E86E2B86892700223404 /* Build configuration list for PBXProject "TMSLesson24" */ = {
			isa = XCConfigurationList;
			buildConfigurations = (
				04B9E8852B86892800223404 /* Debug */,
				04B9E8862B86892800223404 /* Release */,
			);
			defaultConfigurationIsVisible = 0;
			defaultConfigurationName = Release;
		};
		04B9E8872B86892800223404 /* Build configuration list for PBXNativeTarget "TMSLesson24" */ = {
			isa = XCConfigurationList;
			buildConfigurations = (
				04B9E8882B86892800223404 /* Debug */,
				04B9E8892B86892800223404 /* Release */,
			);
			defaultConfigurationIsVisible = 0;
			defaultConfigurationName = Release;
		};
/* End XCConfigurationList section */
	};
	rootObject = 04B9E86B2B86892700223404 /* Project object */;
}
